version = 1
revision = 3
requires-python = ">=3.14"

[[package]]
name = "ffmpeg-python"
version = "0.2.0"
source = { registry = "https://pypi.org/simple" }
dependencies = [
    { name = "future" },
]
sdist = { url = "https://files.pythonhosted.org/packages/dd/5e/d5f9105d59c1325759d838af4e973695081fbbc97182baf73afc78dec266/ffmpeg-python-0.2.0.tar.gz", hash = "sha256:65225db34627c578ef0e11c8b1eb528bb35e024752f6f10b78c011f6f64c4127", size = 21543, upload-time = "2019-07-06T00:19:08.989Z" }
wheels = [
    { url = "https://files.pythonhosted.org/packages/d7/0c/56be52741f75bad4dc6555991fabd2e07b432d333da82c11ad701123888a/ffmpeg_python-0.2.0-py3-none-any.whl", hash = "sha256:ac441a0404e053f8b6a1113a77c0f452f1cfc62f6344a769475ffdc0f56c23c5", size = 25024, upload-time = "2019-07-06T00:19:07.215Z" },
]

[[package]]
name = "future"
version = "1.0.0"
source = { registry = "https://pypi.org/simple" }
sdist = { url = "https://files.pythonhosted.org/packages/a7/b2/4140c69c6a66432916b26158687e821ba631a4c9273c474343badf84d3ba/future-1.0.0.tar.gz", hash = "sha256:bd2968309307861edae1458a4f8a4f3598c03be43b97521076aebf5d94c07b05", size = 1228490, upload-time = "2024-02-21T11:52:38.461Z" }
wheels = [
    { url = "https://files.pythonhosted.org/packages/da/71/ae30dadffc90b9006d77af76b393cb9dfbfc9629f339fc1574a1c52e6806/future-1.0.0-py3-none-any.whl", hash = "sha256:929292d34f5872e70396626ef385ec22355a1fae8ad29e1a734c3e43f9fbc216", size = 491326, upload-time = "2024-02-21T11:52:35.956Z" },
]

[[package]]
name = "pillow"
version = "12.2.0"
source = { registry = "https://pypi.org/simple" }
sdist = { url = "https://files.pythonhosted.org/packages/8c/21/c2bcdd5906101a30244eaffc1b6e6ce71a31bd0742a01eb89e660ebfac2d/pillow-12.2.0.tar.gz", hash = "sha256:a830b1a40919539d07806aa58e1b114df53ddd43213d9c8b75847eee6c0182b5", size = 46987819, upload-time = "2026-04-01T14:46:17.687Z" }
wheels = [
    { url = "https://files.pythonhosted.org/packages/bf/98/4595daa2365416a86cb0d495248a393dfc84e96d62ad080c8546256cb9c0/pillow-12.2.0-cp314-cp314-ios_13_0_arm64_iphoneos.whl", hash = "sha256:3adc9215e8be0448ed6e814966ecf3d9952f0ea40eb14e89a102b87f450660d8", size = 4100848, upload-time = "2026-04-01T14:44:48.48Z" },
    { url = "https://files.pythonhosted.org/packages/0b/79/40184d464cf89f6663e18dfcf7ca21aae2491fff1a16127681bf1fa9b8cf/pillow-12.2.0-cp314-cp314-ios_13_0_arm64_iphonesimulator.whl", hash = "sha256:6a9adfc6d24b10f89588096364cc726174118c62130c817c2837c60cf08a392b", size = 4176515, upload-time = "2026-04-01T14:44:51.353Z" },
    { url = "https://files.pythonhosted.org/packages/b0/63/703f86fd4c422a9cf722833670f4f71418fb116b2853ff7da722ea43f184/pillow-12.2.0-cp314-cp314-ios_13_0_x86_64_iphonesimulator.whl", hash = "sha256:6a6e67ea2e6feda684ed370f9a1c52e7a243631c025ba42149a2cc5934dec295", size = 3640159, upload-time = "2026-04-01T14:44:53.588Z" },
    { url = "https://files.pythonhosted.org/packages/71/e0/fb22f797187d0be2270f83500aab851536101b254bfa1eae10795709d283/pillow-12.2.0-cp314-cp314-macosx_10_15_x86_64.whl", hash = "sha256:2bb4a8d594eacdfc59d9e5ad972aa8afdd48d584ffd5f13a937a664c3e7db0ed", size = 5312185, upload-time = "2026-04-01T14:44:56.039Z" },
    { url = "https://files.pythonhosted.org/packages/ba/8c/1a9e46228571de18f8e28f16fabdfc20212a5d019f3e3303452b3f0a580d/pillow-12.2.0-cp314-cp314-macosx_11_0_arm64.whl", hash = "sha256:80b2da48193b2f33ed0c32c38140f9d3186583ce7d516526d462645fd98660ae", size = 4695386, upload-time = "2026-04-01T14:44:58.663Z" },
    { url = "https://files.pythonhosted.org/packages/70/62/98f6b7f0c88b9addd0e87c217ded307b36be024d4ff8869a812b241d1345/pillow-12.2.0-cp314-cp314-manylinux2014_aarch64.manylinux_2_17_aarch64.whl", hash = "sha256:22db17c68434de69d8ecfc2fe821569195c0c373b25cccb9cbdacf2c6e53c601", size = 6280384, upload-time = "2026-04-01T14:45:01.5Z" },
    { url = "https://files.pythonhosted.org/packages/5e/03/688747d2e91cfbe0e64f316cd2e8005698f76ada3130d0194664174fa5de/pillow-12.2.0-cp314-cp314-manylinux2014_x86_64.manylinux_2_17_x86_64.whl", hash = "sha256:7b14cc0106cd9aecda615dd6903840a058b4700fcb817687d0ee4fc8b6e389be", size = 8091599, upload-time = "2026-04-01T14:45:04.5Z" },
    { url = "https://files.pythonhosted.org/packages/f6/35/577e22b936fcdd66537329b33af0b4ccfefaeabd8aec04b266528cddb33c/pillow-12.2.0-cp314-cp314-manylinux_2_27_aarch64.manylinux_2_28_aarch64.whl", hash = "sha256:8cbeb542b2ebc6fcdacabf8aca8c1a97c9b3ad3927d46b8723f9d4f033288a0f", size = 6396021, upload-time = "2026-04-01T14:45:07.117Z" },
    { url = "https://files.pythonhosted.org/packages/11/8d/d2532ad2a603ca2b93ad9f5135732124e57811d0168155852f37fbce2458/pillow-12.2.0-cp314-cp314-manylinux_2_27_x86_64.manylinux_2_28_x86_64.whl", hash = "sha256:4bfd07bc812fbd20395212969e41931001fd59eb55a60658b0e5710872e95286", size = 7083360, upload-time = "2026-04-01T14:45:09.763Z" },
    { url = "https://files.pythonhosted.org/packages/5e/26/d325f9f56c7e039034897e7380e9cc202b1e368bfd04d4cbe6a441f02885/pillow-12.2.0-cp314-cp314-musllinux_1_2_aarch64.whl", hash = "sha256:9aba9a17b623ef750a4d11b742cbafffeb48a869821252b30ee21b5e91392c50", size = 6507628, upload-time = "2026-04-01T14:45:12.378Z" },
    { url = "https://files.pythonhosted.org/packages/5f/f7/769d5632ffb0988f1c5e7660b3e731e30f7f8ec4318e94d0a5d674eb65a4/pillow-12.2.0-cp314-cp314-musllinux_1_2_x86_64.whl", hash = "sha256:deede7c263feb25dba4e82ea23058a235dcc2fe1f6021025dc71f2b618e26104", size = 7209321, upload-time = "2026-04-01T14:45:15.122Z" },
    { url = "https://files.pythonhosted.org/packages/6a/7a/c253e3c645cd47f1aceea6a8bacdba9991bf45bb7dfe927f7c893e89c93c/pillow-12.2.0-cp314-cp314-win32.whl", hash = "sha256:632ff19b2778e43162304d50da0181ce24ac5bb8180122cbe1bf4673428328c7", size = 6479723, upload-time = "2026-04-01T14:45:17.797Z" },
    { url = "https://files.pythonhosted.org/packages/cd/8b/601e6566b957ca50e28725cb6c355c59c2c8609751efbecd980db44e0349/pillow-12.2.0-cp314-cp314-win_amd64.whl", hash = "sha256:4e6c62e9d237e9b65fac06857d511e90d8461a32adcc1b9065ea0c0fa3a28150", size = 7217400, upload-time = "2026-04-01T14:45:20.529Z" },
    { url = "https://files.pythonhosted.org/packages/d6/94/220e46c73065c3e2951bb91c11a1fb636c8c9ad427ac3ce7d7f3359b9b2f/pillow-12.2.0-cp314-cp314-win_arm64.whl", hash = "sha256:b1c1fbd8a5a1af3412a0810d060a78b5136ec0836c8a4ef9aa11807f2a22f4e1", size = 2554835, upload-time = "2026-04-01T14:45:23.162Z" },
    { url = "https://files.pythonhosted.org/packages/b6/ab/1b426a3974cb0e7da5c29ccff4807871d48110933a57207b5a676cccc155/pillow-12.2.0-cp314-cp314t-macosx_10_15_x86_64.whl", hash = "sha256:57850958fe9c751670e49b2cecf6294acc99e562531f4bd317fa5ddee2068463", size = 5314225, upload-time = "2026-04-01T14:45:25.637Z" },
    { url = "https://files.pythonhosted.org/packages/19/1e/dce46f371be2438eecfee2a1960ee2a243bbe5e961890146d2dee1ff0f12/pillow-12.2.0-cp314-cp314t-macosx_11_0_arm64.whl", hash = "sha256:d5d38f1411c0ed9f97bcb49b7bd59b6b7c314e0e27420e34d99d844b9ce3b6f3", size = 4698541, upload-time = "2026-04-01T14:45:28.355Z" },
    { url = "https://files.pythonhosted.org/packages/55/c3/7fbecf70adb3a0c33b77a300dc52e424dc22ad8cdc06557a2e49523b703d/pillow-12.2.0-cp314-cp314t-manylinux2014_aarch64.manylinux_2_17_aarch64.whl", hash = "sha256:5c0a9f29ca8e79f09de89293f82fc9b0270bb4af1d58bc98f540cc4aedf03166", size = 6322251, upload-time = "2026-04-01T14:45:30.924Z" },
    { url = "https://files.pythonhosted.org/packages/1c/3c/7fbc17cfb7e4fe0ef1642e0abc17fc6c94c9f7a16be41498e12e2ba60408/pillow-12.2.0-cp314-cp314t-manylinux2014_x86_64.manylinux_2_17_x86_64.whl", hash = "sha256:1610dd6c61621ae1cf811bef44d77e149ce3f7b95afe66a4512f8c59f25d9ebe", size = 8127807, upload-time = "2026-04-01T14:45:33.908Z" },
    { url = "https://files.pythonhosted.org/packages/ff/c3/a8ae14d6defd2e448493ff512fae903b1e9bd40b72efb6ec55ce0048c8ce/pillow-12.2.0-cp314-cp314t-manylinux_2_27_aarch64.manylinux_2_28_aarch64.whl", hash = "sha256:0a34329707af4f73cf1782a36cd2289c0368880654a2c11f027bcee9052d35dd", size = 6433935, upload-time = "2026-04-01T14:45:36.623Z" },
    { url = "https://files.pythonhosted.org/packages/6e/32/2880fb3a074847ac159d8f902cb43278a61e85f681661e7419e6596803ed/pillow-12.2.0-cp314-cp314t-manylinux_2_27_x86_64.manylinux_2_28_x86_64.whl", hash = "sha256:8e9c4f5b3c546fa3458a29ab22646c1c6c787ea8f5ef51300e5a60300736905e", size = 7116720, upload-time = "2026-04-01T14:45:39.258Z" },
    { url = "https://files.pythonhosted.org/packages/46/87/495cc9c30e0129501643f24d320076f4cc54f718341df18cc70ec94c44e1/pillow-12.2.0-cp314-cp314t-musllinux_1_2_aarch64.whl", hash = "sha256:fb043ee2f06b41473269765c2feae53fc2e2fbf96e5e22ca94fb5ad677856f06", size = 6540498, upload-time = "2026-04-01T14:45:41.879Z" },
    { url = "https://files.pythonhosted.org/packages/18/53/773f5edca692009d883a72211b60fdaf8871cbef075eaa9d577f0a2f989e/pillow-12.2.0-cp314-cp314t-musllinux_1_2_x86_64.whl", hash = "sha256:f278f034eb75b4e8a13a54a876cc4a5ab39173d2cdd93a638e1b467fc545ac43", size = 7239413, upload-time = "2026-04-01T14:45:44.705Z" },
    { url = "https://files.pythonhosted.org/packages/c9/e4/4b64a97d71b2a83158134abbb2f5bd3f8a2ea691361282f010998f339ec7/pillow-12.2.0-cp314-cp314t-win32.whl", hash = "sha256:6bb77b2dcb06b20f9f4b4a8454caa581cd4dd0643a08bacf821216a16d9c8354", size = 6482084, upload-time = "2026-04-01T14:45:47.568Z" },
    { url = "https://files.pythonhosted.org/packages/ba/13/306d275efd3a3453f72114b7431c877d10b1154014c1ebbedd067770d629/pillow-12.2.0-cp314-cp314t-win_amd64.whl", hash = "sha256:6562ace0d3fb5f20ed7290f1f929cae41b25ae29528f2af1722966a0a02e2aa1", size = 7225152, upload-time = "2026-04-01T14:45:50.032Z" },
    { url = "https://files.pythonhosted.org/packages/ff/6e/cf826fae916b8658848d7b9f38d88da6396895c676e8086fc0988073aaf8/pillow-12.2.0-cp314-cp314t-win_arm64.whl", hash = "sha256:aa88ccfe4e32d362816319ed727a004423aab09c5cea43c01a4b435643fa34eb", size = 2556579, upload-time = "2026-04-01T14:45:52.529Z" },
]

[[package]]
name = "pypdfium2"
version = "5.10.1"
source = { registry = "https://pypi.org/simple" }
sdist = { url = "https://files.pythonhosted.org/packages/1d/78/d9b45abb97a3686643f7c6472a5f7688f2013a373226121dc76b9debbacf/pypdfium2-5.10.1.tar.gz", hash = "sha256:f257d2011eb43c846b7e9f5a802e28646b29732763e4a35dd6ca76f9be580538", size = 272963, upload-time = "2026-06-15T10:09:16.179Z" }
wheels = [
    { url = "https://files.pythonhosted.org/packages/98/49/0b85fcc0d236582143a25cf275b0b4f5d786f51eb07a89ec9c79d43efe18/pypdfium2-5.10.1-py3-none-android_23_arm64_v8a.whl", hash = "sha256:13abf7a9f5e0ddebc8bbcccea5f13ae5abe8a298ea219e125b0fc24c1d2171b4", size = 3409176, upload-time = "2026-06-15T10:08:36.017Z" },
    { url = "https://files.pythonhosted.org/packages/20/d2/2f522c5b2ad5166edf256bb4dbab97de5d07b2573f8a5630ddfcd1f8d4ee/pypdfium2-5.10.1-py3-none-android_23_armeabi_v7a.whl", hash = "sha256:a0dc52b56631e2f7edcdb22bae3b155aa840bec32c5bd05781e90baaecee88e7", size = 2866175, upload-time = "2026-06-15T10:08:37.955Z" },
    { url = "https://files.pythonhosted.org/packages/a7/be/477548c026c2badfdbf4afc3358b7135121fb5bec2e2effcb67e3a674d0b/pypdfium2-5.10.1-py3-none-macosx_12_0_arm64.whl", hash = "sha256:ebb9e63f92d15fc41b359fe7a187233dfae37548800e1fa09cb2fc466ac89951", size = 3621427, upload-time = "2026-06-15T10:08:39.969Z" },
    { url = "https://files.pythonhosted.org/packages/8c/9b/0131c7f711b62c6edd6b200e9eb6340be6de4f6dc5baae625e3394d8d5fb/pypdfium2-5.10.1-py3-none-macosx_12_0_x86_64.whl", hash = "sha256:d04f2050b6b32bb18624688b600543342a4ab3aacf64bf66521a5af72bbc7de1", size = 3682825, upload-time = "2026-06-15T10:08:42.181Z" },
    { url = "https://files.pythonhosted.org/packages/9d/3d/bddfceb6e67e54d6dd1ab6c0f1feff796a89596e40f6345a3b4cc6a3d408/pypdfium2-5.10.1-py3-none-manylinux_2_17_aarch64.manylinux2014_aarch64.whl", hash = "sha256:0de53d2710ca9509fc2812340acc57c3f043697609068592d87de654f8cabf44", size = 3682206, upload-time = "2026-06-15T10:08:44.087Z" },
    { url = "https://files.pythonhosted.org/packages/58/08/dedeb25c6645fc8a5eda24f54e0b1d083b7334ababf5f518bb939d729cc0/pypdfium2-5.10.1-py3-none-manylinux_2_17_armv7l.manylinux2014_armv7l.whl", hash = "sha256:10a26ce04795f8ec079e81c707fcb5737061e8a78025babc3d6e36642e9c903a", size = 3413720, upload-time = "2026-06-15T10:08:45.739Z" },
    { url = "https://files.pythonhosted.org/packages/cc/48/69e1fc8b1216005243c6415183bbf6de1cda3f5a06758b3fa4a26a7385c6/pypdfium2-5.10.1-py3-none-manylinux_2_17_i686.manylinux2014_i686.whl", hash = "sha256:be6d2a8d1bcfd777188e7aa55a25c83f34d54e8350ad8810fb32017787d9b0d9", size = 3812913, upload-time = "2026-06-15T10:08:47.45Z" },
    { url = "https://files.pythonhosted.org/packages/72/7f/132455a58ad736d76815c6cd1307532c3f433299d945b9d2f8cc2387c309/pypdfium2-5.10.1-py3-none-manylinux_2_17_ppc64le.manylinux2014_ppc64le.whl", hash = "sha256:cf4d2527f79f31c550490cc74c9f32e19385a944630a3ef4cd4d9b6f961fbf77", size = 4223220, upload-time = "2026-06-15T10:08:49.099Z" },
    { url = "https://files.pythonhosted.org/packages/bf/8c/4d5804eca598bbe894e0a9a510807e221c1623e7276ce6b68fa2660dc933/pypdfium2-5.10.1-py3-none-manylinux_2_17_x86_64.manylinux2014_x86_64.whl", hash = "sha256:3ba127750bc3f4161461538d532d74491cd976f584f1753a6cee9cb821338ec1", size = 3738950, upload-time = "2026-06-15T10:08:50.821Z" },
    { url = "https://files.pythonhosted.org/packages/d1/7f/baac59bf14ff914d97789ee0368c22ae233aa857aa9c0726bcb515dbc4d7/pypdfium2-5.10.1-py3-none-manylinux_2_27_s390x.manylinux_2_28_s390x.whl", hash = "sha256:80f30517ee089dfbbc6e9de6da365b6e8c0ce8f80c40b7d4025a3b1d3bbd8a70", size = 4029869, upload-time = "2026-06-15T10:08:52.494Z" },
    { url = "https://files.pythonhosted.org/packages/d0/d7/a5d58a0bcba31a0e37ed636a76ef3d2d215733f28af61637287d061b0c54/pypdfium2-5.10.1-py3-none-manylinux_2_34_riscv64.manylinux_2_39_riscv64.whl", hash = "sha256:ad5f5de15febb788c6eb3853e58aceda9cd8c5187c92472abaeecf9558deb0cf", size = 3990927, upload-time = "2026-06-15T10:08:54.555Z" },
    { url = "https://files.pythonhosted.org/packages/da/1a/98eebd14b36812176297cf765d504ebeebc982f895c8a3a9fbd2717797de/pypdfium2-5.10.1-py3-none-musllinux_1_2_aarch64.whl", hash = "sha256:8947fa3cd808da33960bdf8ff9e5247aa94ccd94f0b09bb3402e99498d83bcc9", size = 4989624, upload-time = "2026-06-15T10:08:56.284Z" },
    { url = "https://files.pythonhosted.org/packages/1c/20/f2e124d607b8bb90a9f1ce976afff38c70e215cd7ea86af784cb2e8a19dd/pypdfium2-5.10.1-py3-none-musllinux_1_2_armv7l.whl", hash = "sha256:139a6387a3a2652f288e53164268bb03af4fa221d78484ee18407053a60082a3", size = 4535124, upload-time = "2026-06-15T10:08:58.214Z" },
    { url = "https://files.pythonhosted.org/packages/59/ef/469ea87f668a32ff3280ea15e522e3a7858d2c80f1ecc320ece1244624c9/pypdfium2-5.10.1-py3-none-musllinux_1_2_i686.whl", hash = "sha256:172ff3e10358d66456e27fb0b8b5098e28ec24e51072eb4b5b86077d550e21bb", size = 5229373, upload-time = "2026-06-15T10:09:00.702Z" },
    { url = "https://files.pythonhosted.org/packages/c3/48/c7ed3001f0c5e28114c98bf918c8121e422a65ba7323e1e12f3f28e2d278/pypdfium2-5.10.1-py3-none-musllinux_1_2_ppc64le.whl", hash = "sha256:09fda0609dc4749c9865a0315c447d6f2583a580693bcabd69980d3fbb22ad51", size = 5140010, upload-time = "2026-06-15T10:09:02.734Z" },
    { url = "https://files.pythonhosted.org/packages/b2/bc/00b731bfc1fdc0f3c7d91108fceb54978ff4f5a92336820e5ed6c12535ff/pypdfium2-5.10.1-py3-none-musllinux_1_2_riscv64.whl", hash = "sha256:6b01adcfe9aaf7a635a59bed5687fd4fd7b0da292664f050d4ebd2bfa5c70584", size = 4643310, upload-time = "2026-06-15T10:09:04.794Z" },
    { url = "https://files.pythonhosted.org/packages/9a/e8/3ad242233f657c19092a8c83684c8154b8d02a826535a6a2591d91aa5dde/pypdfium2-5.10.1-py3-none-musllinux_1_2_s390x.whl", hash = "sha256:610e14c37d2090b826dccc0604fc7e7612c0ce591190780ae228abdb9abb971e", size = 5087879, upload-time = "2026-06-15T10:09:06.861Z" },
    { url = "https://files.pythonhosted.org/packages/80/3f/9d0747a02ac3021ed3db7ac27c5187d97e78b0253a4bdfbf386666968474/pypdfium2-5.10.1-py3-none-musllinux_1_2_x86_64.whl", hash = "sha256:f2803020952afa57e1e148adc19369b835154e1fa251a1ca85008ab6466a710f", size = 5047369, upload-time = "2026-06-15T10:09:08.883Z" },
    { url = "https://files.pythonhosted.org/packages/9e/41/7d5187e9527eae81890a3b13193442112ef788d61ddaa68a6d59ac447bec/pypdfium2-5.10.1-py3-none-win32.whl", hash = "sha256:8702bb4f01ddfc8e7757b41b4c2c8392ac17c9f0234476e1e69672ea7c6d6aa0", size = 3680056, upload-time = "2026-06-15T10:09:10.95Z" },
    { url = "https://files.pythonhosted.org/packages/16/1d/c62bd59dd8345cc4b640f942f465633f6b07b859d01ddb648610a7bf5c7c/pypdfium2-5.10.1-py3-none-win_amd64.whl", hash = "sha256:58da5b51fb7884c7d21a05062ab13edb011d1a08dfd9694f3d5d685df62796b9", size = 3812105, upload-time = "2026-06-15T10:09:12.684Z" },
    { url = "https://files.pythonhosted.org/packages/10/d5/21bac39125df8a93e99c04583486b58a62b5997d6b3541e3ad0f69053392/pypdfium2-5.10.1-py3-none-win_arm64.whl", hash = "sha256:e3301c2f7a66fb8cb57dba857d0c9e90215e178f6602a87c5a306cd98513dab8", size = 3600043, upload-time = "2026-06-15T10:09:14.606Z" },
]

[[package]]
name = "script"
version = "0.1.0"
source = { virtual = "." }
dependencies = [
    { name = "ffmpeg-python" },
    { name = "pillow" },
    { name = "pypdfium2" },
]

[package.metadata]
requires-dist = [
    { name = "ffmpeg-python", specifier = ">=0.2.0" },
    { name = "pillow", specifier = ">=12.2.0" },
    { name = "pypdfium2", specifier = ">=5.10.1" },
]
